lockfileVersion: '9.0'

settings:
  autoInstallPeers: true
  excludeLinksFromLockfile: false

catalogs:
  default:
    prettier:
      specifier: ^3.7.4
      version: 3.7.4
    prettier-plugin-prisma:
      specifier: ^5.0.0
      version: 5.0.0

importers:

  .:
    devDependencies:
      prettier:
        specifier: 'catalog:'
        version: 3.7.4
      prettier-plugin-prisma:
        specifier: 'catalog:'
        version: 5.0.0(prettier@3.7.4)

packages:

  '@prisma/prisma-schema-wasm@4.17.0-26.6b0aef69b7cdfc787f822ecd7cdc76d5f1991584':
    resolution: {integrity: sha512-JFdsnSgBPN8reDTLOI9Vh/6ccCb2aD1LbY/LWQnkcIgNo6IdpzvuM+qRVbBuA6IZP2SdqQI8Lu6RL2P8EFBQUA==}

  prettier-plugin-prisma@5.0.0:
    resolution: {integrity: sha512-jTJV04D9+yF7ziOOMs7CJe4ijgAH7DEGjt0SAWAToGNRy1H6BEhvcKA2UQH6gC6KVW5zeeOSAvsoiDDTt9oKXg==}
    engines: {node: '>=14', npm: '>=8'}
    peerDependencies:
      prettier: '>=2 || >=3'

  prettier@3.7.4:
    resolution: {integrity: sha512-v6UNi1+3hSlVvv8fSaoUbggEM5VErKmmpGA7Pl3HF8V6uKY7rvClBOJlH6yNwQtfTueNkGVpOv/mtWL9L4bgRA==}
    engines: {node: '>=14'}
    hasBin: true

snapshots:

  '@prisma/prisma-schema-wasm@4.17.0-26.6b0aef69b7cdfc787f822ecd7cdc76d5f1991584': {}

  prettier-plugin-prisma@5.0.0(prettier@3.7.4):
    dependencies:
      '@prisma/prisma-schema-wasm': 4.17.0-26.6b0aef69b7cdfc787f822ecd7cdc76d5f1991584
      prettier: 3.7.4

  prettier@3.7.4: {}
